
Microsoft Visual Studio Solution File, Format Version 12.00
# Visual Studio Version 16
VisualStudioVersion = 16.0.31729.503
MinimumVisualStudioVersion = 10.0.40219.1
Project("{FAE04EC0-301F-11D3-BF4B-00C04F79EFBC}") = "LiczbyZnaczace", "LiczbyZnaczace\LiczbyZnaczace.csproj", "{4948EEC3-6B33-4858-A9EC-66266D52A608}"
EndProject
Global
	GlobalSection(SolutionConfigurationPlatforms) = preSolution
		Debug|Any CPU = Debug|Any CPU
		Release|Any CPU = Release|Any CPU
	EndGlobalSection
	GlobalSection(ProjectConfigurationPlatforms) = postSolution
		{4948EEC3-6B33-4858-A9EC-66266D52A608}.Debug|Any CPU.ActiveCfg = Debug|Any CPU
		{4948EEC3-6B33-4858-A9EC-66266D52A608}.Debug|Any CPU.Build.0 = Debug|Any CPU
		{4948EEC3-6B33-4858-A9EC-66266D52A608}.Release|Any CPU.ActiveCfg = Release|Any CPU
		{4948EEC3-6B33-4858-A9EC-66266D52A608}.Release|Any CPU.Build.0 = Release|Any CPU
	EndGlobalSection
	GlobalSection(SolutionProperties) = preSolution
		HideSolutionNode = FALSE
	EndGlobalSection
	GlobalSection(ExtensibilityGlobals) = postSolution
		SolutionGuid = {B2EFA16F-A4C2-4ABB-8421-9522FCFDB643}
	EndGlobalSection
EndGlobal
